Microsoft Visual Studio Solution File, Format Version 12.00
# Visual Studio Version 17
VisualStudioVersion = 17.5.2.0
MinimumVisualStudioVersion = 10.0.40219.1
Project("{FAE04EC0-301F-11D3-BF4B-00C04F79EFBC}") = "Codomon.Desktop", "Codomon.Desktop\Codomon.Desktop.csproj", "{64211B04-B6C0-B426-3125-9096102B52EE}"
EndProject
Global
	GlobalSection(SolutionConfigurationPlatforms) = preSolution
		Debug|Any CPU = Debug|Any CPU
		Release|Any CPU = Release|Any CPU
	EndGlobalSection
	GlobalSection(ProjectConfigurationPlatforms) = postSolution
		{64211B04-B6C0-B426-3125-9096102B52EE}.Debug|Any CPU.ActiveCfg = Debug|Any CPU
		{64211B04-B6C0-B426-3125-9096102B52EE}.Debug|Any CPU.Build.0 = Debug|Any CPU
		{64211B04-B6C0-B426-3125-9096102B52EE}.Release|Any CPU.ActiveCfg = Release|Any CPU
		{64211B04-B6C0-B426-3125-9096102B52EE}.Release|Any CPU.Build.0 = Release|Any CPU
	EndGlobalSection
	GlobalSection(SolutionProperties) = preSolution
		HideSolutionNode = FALSE
	EndGlobalSection
	GlobalSection(ExtensibilityGlobals) = postSolution
		SolutionGuid = {6BB82BC3-78E2-4937-A674-C7D83A14CAFB}
	EndGlobalSection
EndGlobal
